
Microsoft Visual Studio Solution File, Format Version 12.00
# Visual Studio Version 17
VisualStudioVersion = 17.5.002.0
MinimumVisualStudioVersion = 10.0.40219.1
Project("{9A19103F-16F7-4668-BE54-9A1E7A4F7556}") = "tl2-tp1-2024-ElZorroAs", "tl2-tp1-2024-ElZorroAs.csproj", "{FCACD279-7C5C-4ED9-B187-BE7F83DC1C2A}"
EndProject
Global
	GlobalSection(SolutionConfigurationPlatforms) = preSolution
		Debug|Any CPU = Debug|Any CPU
		Release|Any CPU = Release|Any CPU
	EndGlobalSection
	GlobalSection(ProjectConfigurationPlatforms) = postSolution
		{FCACD279-7C5C-4ED9-B187-BE7F83DC1C2A}.Debug|Any CPU.ActiveCfg = Debug|Any CPU
		{FCACD279-7C5C-4ED9-B187-BE7F83DC1C2A}.Debug|Any CPU.Build.0 = Debug|Any CPU
		{FCACD279-7C5C-4ED9-B187-BE7F83DC1C2A}.Release|Any CPU.ActiveCfg = Release|Any CPU
		{FCACD279-7C5C-4ED9-B187-BE7F83DC1C2A}.Release|Any CPU.Build.0 = Release|Any CPU
	EndGlobalSection
	GlobalSection(SolutionProperties) = preSolution
		HideSolutionNode = FALSE
	EndGlobalSection
	GlobalSection(ExtensibilityGlobals) = postSolution
		SolutionGuid = {05973669-9B70-4AD6-8F7B-EA071D3BB059}
	EndGlobalSection
EndGlobal
